
Microsoft Visual Studio Solution File, Format Version 12.00
# Visual Studio 14
VisualStudioVersion = 14.0.25420.1
MinimumVisualStudioVersion = 10.0.40219.1
Project("{FAE04EC0-301F-11D3-BF4B-00C04F79EFBC}") = "DemoApp", "DemoApp\DemoApp\DemoApp.csproj", "{89FBF707-0AEE-42C2-8220-DAA85DB0FB98}"
EndProject
Project("{FAE04EC0-301F-11D3-BF4B-00C04F79EFBC}") = "DemoApp.Droid", "DemoApp\DemoApp.Droid\DemoApp.Droid.csproj", "{70CE2A36-B035-4F63-AE51-7F1890D6EBAA}"
EndProject
Project("{FAE04EC0-301F-11D3-BF4B-00C04F79EFBC}") = "DemoApp.iOS", "DemoApp\DemoApp.iOS\DemoApp.iOS.csproj", "{40C3316C-F1E9-4637-9EB7-8DF3962CF4A3}"
EndProject
Project("{FAE04EC0-301F-11D3-BF4B-00C04F79EFBC}") = "DemoApp.UWP", "DemoApp\DemoApp.UWP\DemoApp.UWP.csproj", "{29148A0E-619B-4B32-B854-351E1EAD096F}"
EndProject
Global
	GlobalSection(SolutionConfigurationPlatforms) = preSolution
		Ad-Hoc|Any CPU = Ad-Hoc|Any CPU
		Ad-Hoc|ARM = Ad-Hoc|ARM
		Ad-Hoc|iPhone = Ad-Hoc|iPhone
		Ad-Hoc|iPhoneSimulator = Ad-Hoc|iPhoneSimulator
		Ad-Hoc|x64 = Ad-Hoc|x64
		Ad-Hoc|x86 = Ad-Hoc|x86
		AppStore|Any CPU = AppStore|Any CPU
		AppStore|ARM = AppStore|ARM
		AppStore|iPhone = AppStore|iPhone
		AppStore|iPhoneSimulator = AppStore|iPhoneSimulator
		AppStore|x64 = AppStore|x64
		AppStore|x86 = AppStore|x86
		Debug|Any CPU = Debug|Any CPU
		Debug|ARM = Debug|ARM
		Debug|iPhone = Debug|iPhone
		Debug|iPhoneSimulator = Debug|iPhoneSimulator
		Debug|x64 = Debug|x64
		Debug|x86 = Debug|x86
		Release|Any CPU = Release|Any CPU
		Release|ARM = Release|ARM
		Release|iPhone = Release|iPhone
		Release|iPhoneSimulator = Release|iPhoneSimulator
		Release|x64 = Release|x64
		Release|x86 = Release|x86
	EndGlobalSection
	GlobalSection(ProjectConfigurationPlatforms) = postSolution
		{89FBF707-0AEE-42C2-8220-DAA85DB0FB98}.Ad-Hoc|Any CPU.ActiveCfg = Release|Any CPU
		{89FBF707-0AEE-42C2-8220-DAA85DB0FB98}.Ad-Hoc|Any CPU.Build.0 = Release|Any CPU
		{89FBF707-0AEE-42C2-8220-DAA85DB0FB98}.Ad-Hoc|ARM.ActiveCfg = Release|Any CPU
		{89FBF707-0AEE-42C2-8220-DAA85DB0FB98}.Ad-Hoc|ARM.Build.0 = Release|Any CPU
		{89FBF707-0AEE-42C2-8220-DAA85DB0FB98}.Ad-Hoc|iPhone.ActiveCfg = Release|Any CPU
		{89FBF707-0AEE-42C2-8220-DAA85DB0FB98}.Ad-Hoc|iPhone.Build.0 = Release|Any CPU
		{89FBF707-0AEE-42C2-8220-DAA85DB0FB98}.Ad-Hoc|iPhoneSimulator.ActiveCfg = Release|Any CPU
		{89FBF707-0AEE-42C2-8220-DAA85DB0FB98}.Ad-Hoc|iPhoneSimulator.Build.0 = Release|Any CPU
		{89FBF707-0AEE-42C2-8220-DAA85DB0FB98}.Ad-Hoc|x64.ActiveCfg = Release|Any CPU
		{89FBF707-0AEE-42C2-8220-DAA85DB0FB98}.Ad-Hoc|x64.Build.0 = Release|Any CPU
		{89FBF707-0AEE-42C2-8220-DAA85DB0FB98}.Ad-Hoc|x86.ActiveCfg = Release|Any CPU
		{89FBF707-0AEE-42C2-8220-DAA85DB0FB98}.Ad-Hoc|x86.Build.0 = Release|Any CPU
		{89FBF707-0AEE-42C2-8220-DAA85DB0FB98}.AppStore|Any CPU.ActiveCfg = Release|Any CPU
		{89FBF707-0AEE-42C2-8220-DAA85DB0FB98}.AppStore|Any CPU.Build.0 = Release|Any CPU
		{89FBF707-0AEE-42C2-8220-DAA85DB0FB98}.AppStore|ARM.ActiveCfg = Release|Any CPU
		{89FBF707-0AEE-42C2-8220-DAA85DB0FB98}.AppStore|ARM.Build.0 = Release|Any CPU
		{89FBF707-0AEE-42C2-8220-DAA85DB0FB98}.AppStore|iPhone.ActiveCfg = Release|Any CPU
		{89FBF707-0AEE-42C2-8220-DAA85DB0FB98}.AppStore|iPhone.Build.0 = Release|Any CPU
		{89FBF707-0AEE-42C2-8220-DAA85DB0FB98}.AppStore|iPhoneSimulator.ActiveCfg = Release|Any CPU
		{89FBF707-0AEE-42C2-8220-DAA85DB0FB98}.AppStore|iPhoneSimulator.Build.0 = Release|Any CPU
		{89FBF707-0AEE-42C2-8220-DAA85DB0FB98}.AppStore|x64.ActiveCfg = Release|Any CPU
		{89FBF707-0AEE-42C2-8220-DAA85DB0FB98}.AppStore|x64.Build.0 = Release|Any CPU
		{89FBF707-0AEE-42C2-8220-DAA85DB0FB98}.AppStore|x86.ActiveCfg = Release|Any CPU
		{89FBF707-0AEE-42C2-8220-DAA85DB0FB98}.AppStore|x86.Build.0 = Release|Any CPU
		{89FBF707-0AEE-42C2-8220-DAA85DB0FB98}.Debug|Any CPU.ActiveCfg = Debug|Any CPU
		{89FBF707-0AEE-42C2-8220-DAA85DB0FB98}.Debug|Any CPU.Build.0 = Debug|Any CPU
		{89FBF707-0AEE-42C2-8220-DAA85DB0FB98}.Debug|ARM.ActiveCfg = Debug|Any CPU
		{89FBF707-0AEE-42C2-8220-DAA85DB0FB98}.Debug|ARM.Build.0 = Debug|Any CPU
		{89FBF707-0AEE-42C2-8220-DAA85DB0FB98}.Debug|iPhone.ActiveCfg = Debug|Any CPU
		{89FBF707-0AEE-42C2-8220-DAA85DB0FB98}.Debug|iPhone.Build.0 = Debug|Any CPU
		{89FBF707-0AEE-42C2-8220-DAA85DB0FB98}.Debug|iPhoneSimulator.ActiveCfg = Debug|Any CPU
		{89FBF707-0AEE-42C2-8220-DAA85DB0FB98}.Debug|iPhoneSimulator.Build.0 = Debug|Any CPU
		{89FBF707-0AEE-42C2-8220-DAA85DB0FB98}.Debug|x64.ActiveCfg = Debug|Any CPU
		{89FBF707-0AEE-42C2-8220-DAA85DB0FB98}.Debug|x64.Build.0 = Debug|Any CPU
		{89FBF707-0AEE-42C2-8220-DAA85DB0FB98}.Debug|x86.ActiveCfg = Debug|Any CPU
		{89FBF707-0AEE-42C2-8220-DAA85DB0FB98}.Debug|x86.Build.0 = Debug|Any CPU
		{89FBF707-0AEE-42C2-8220-DAA85DB0FB98}.Release|Any CPU.ActiveCfg = Release|Any CPU
		{89FBF707-0AEE-42C2-8220-DAA85DB0FB98}.Release|Any CPU.Build.0 = Release|Any CPU
		{89FBF707-0AEE-42C2-8220-DAA85DB0FB98}.Release|ARM.ActiveCfg = Release|Any CPU
		{89FBF707-0AEE-42C2-8220-DAA85DB0FB98}.Release|ARM.Build.0 = Release|Any CPU
		{89FBF707-0AEE-42C2-8220-DAA85DB0FB98}.Release|iPhone.ActiveCfg = Release|Any CPU
		{89FBF707-0AEE-42C2-8220-DAA85DB0FB98}.Release|iPhone.Build.0 = Release|Any CPU
		{89FBF707-0AEE-42C2-8220-DAA85DB0FB98}.Release|iPhoneSimulator.ActiveCfg = Release|Any CPU
		{89FBF707-0AEE-42C2-8220-DAA85DB0FB98}.Release|iPhoneSimulator.Build.0 = Release|Any CPU
		{89FBF707-0AEE-42C2-8220-DAA85DB0FB98}.Release|x64.ActiveCfg = Release|Any CPU
		{89FBF707-0AEE-42C2-8220-DAA85DB0FB98}.Release|x64.Build.0 = Release|Any CPU
		{89FBF707-0AEE-42C2-8220-DAA85DB0FB98}.Release|x86.ActiveCfg = Release|Any CPU
		{89FBF707-0AEE-42C2-8220-DAA85DB0FB98}.Release|x86.Build.0 = Release|Any CPU
		{70CE2A36-B035-4F63-AE51-7F1890D6EBAA}.Ad-Hoc|Any CPU.ActiveCfg = Release|Any CPU
		{70CE2A36-B035-4F63-AE51-7F1890D6EBAA}.Ad-Hoc|Any CPU.Build.0 = Release|Any CPU
		{70CE2A36-B035-4F63-AE51-7F1890D6EBAA}.Ad-Hoc|Any CPU.Deploy.0 = Release|Any CPU
		{70CE2A36-B035-4F63-AE51-7F1890D6EBAA}.Ad-Hoc|ARM.ActiveCfg = Release|Any CPU
		{70CE2A36-B035-4F63-AE51-7F1890D6EBAA}.Ad-Hoc|ARM.Build.0 = Release|Any CPU
		{70CE2A36-B035-4F63-AE51-7F1890D6EBAA}.Ad-Hoc|ARM.Deploy.0 = Release|Any CPU
		{70CE2A36-B035-4F63-AE51-7F1890D6EBAA}.Ad-Hoc|iPhone.ActiveCfg = Release|Any CPU
		{70CE2A36-B035-4F63-AE51-7F1890D6EBAA}.Ad-Hoc|iPhone.Build.0 = Release|Any CPU
		{70CE2A36-B035-4F63-AE51-7F1890D6EBAA}.Ad-Hoc|iPhone.Deploy.0 = Release|Any CPU
		{70CE2A36-B035-4F63-AE51-7F1890D6EBAA}.Ad-Hoc|iPhoneSimulator.ActiveCfg = Release|Any CPU
		{70CE2A36-B035-4F63-AE51-7F1890D6EBAA}.Ad-Hoc|iPhoneSimulator.Build.0 = Release|Any CPU
		{70CE2A36-B035-4F63-AE51-7F1890D6EBAA}.Ad-Hoc|iPhoneSimulator.Deploy.0 = Release|Any CPU
		{70CE2A36-B035-4F63-AE51-7F1890D6EBAA}.Ad-Hoc|x64.ActiveCfg = Release|Any CPU
		{70CE2A36-B035-4F63-AE51-7F1890D6EBAA}.Ad-Hoc|x64.Build.0 = Release|Any CPU
		{70CE2A36-B035-4F63-AE51-7F1890D6EBAA}.Ad-Hoc|x64.Deploy.0 = Release|Any CPU
		{70CE2A36-B035-4F63-AE51-7F1890D6EBAA}.Ad-Hoc|x86.ActiveCfg = Release|Any CPU
		{70CE2A36-B035-4F63-AE51-7F1890D6EBAA}.Ad-Hoc|x86.Build.0 = Release|Any CPU
		{70CE2A36-B035-4F63-AE51-7F1890D6EBAA}.Ad-Hoc|x86.Deploy.0 = Release|Any CPU
		{70CE2A36-B035-4F63-AE51-7F1890D6EBAA}.AppStore|Any CPU.ActiveCfg = Release|Any CPU
		{70CE2A36-B035-4F63-AE51-7F1890D6EBAA}.AppStore|Any CPU.Build.0 = Release|Any CPU
		{70CE2A36-B035-4F63-AE51-7F1890D6EBAA}.AppStore|Any CPU.Deploy.0 = Release|Any CPU
		{70CE2A36-B035-4F63-AE51-7F1890D6EBAA}.AppStore|ARM.ActiveCfg = Release|Any CPU
		{70CE2A36-B035-4F63-AE51-7F1890D6EBAA}.AppStore|ARM.Build.0 = Release|Any CPU
		{70CE2A36-B035-4F63-AE51-7F1890D6EBAA}.AppStore|ARM.Deploy.0 = Release|Any CPU
		{70CE2A36-B035-4F63-AE51-7F1890D6EBAA}.AppStore|iPhone.ActiveCfg = Release|Any CPU
		{70CE2A36-B035-4F63-AE51-7F1890D6EBAA}.AppStore|iPhone.Build.0 = Release|Any CPU
		{70CE2A36-B035-4F63-AE51-7F1890D6EBAA}.AppStore|iPhone.Deploy.0 = Release|Any CPU
		{70CE2A36-B035-4F63-AE51-7F1890D6EBAA}.AppStore|iPhoneSimulator.ActiveCfg = Release|Any CPU
		{70CE2A36-B035-4F63-AE51-7F1890D6EBAA}.AppStore|iPhoneSimulator.Build.0 = Release|Any CPU
		{70CE2A36-B035-4F63-AE51-7F1890D6EBAA}.AppStore|iPhoneSimulator.Deploy.0 = Release|Any CPU
		{70CE2A36-B035-4F63-AE51-7F1890D6EBAA}.AppStore|x64.ActiveCfg = Release|Any CPU
		{70CE2A36-B035-4F63-AE51-7F1890D6EBAA}.AppStore|x64.Build.0 = Release|Any CPU
		{70CE2A36-B035-4F63-AE51-7F1890D6EBAA}.AppStore|x64.Deploy.0 = Release|Any CPU
		{70CE2A36-B035-4F63-AE51-7F1890D6EBAA}.AppStore|x86.ActiveCfg = Release|Any CPU
		{70CE2A36-B035-4F63-AE51-7F1890D6EBAA}.AppStore|x86.Build.0 = Release|Any CPU
		{70CE2A36-B035-4F63-AE51-7F1890D6EBAA}.AppStore|x86.Deploy.0 = Release|Any CPU
		{70CE2A36-B035-4F63-AE51-7F1890D6EBAA}.Debug|Any CPU.ActiveCfg = Debug|Any CPU
		{70CE2A36-B035-4F63-AE51-7F1890D6EBAA}.Debug|Any CPU.Build.0 = Debug|Any CPU
		{70CE2A36-B035-4F63-AE51-7F1890D6EBAA}.Debug|Any CPU.Deploy.0 = Debug|Any CPU
		{70CE2A36-B035-4F63-AE51-7F1890D6EBAA}.Debug|ARM.ActiveCfg = Debug|Any CPU
		{70CE2A36-B035-4F63-AE51-7F1890D6EBAA}.Debug|ARM.Build.0 = Debug|Any CPU
		{70CE2A36-B035-4F63-AE51-7F1890D6EBAA}.Debug|ARM.Deploy.0 = Debug|Any CPU
		{70CE2A36-B035-4F63-AE51-7F1890D6EBAA}.Debug|iPhone.ActiveCfg = Debug|Any CPU
		{70CE2A36-B035-4F63-AE51-7F1890D6EBAA}.Debug|iPhone.Build.0 = Debug|Any CPU
		{70CE2A36-B035-4F63-AE51-7F1890D6EBAA}.Debug|iPhone.Deploy.0 = Debug|Any CPU
		{70CE2A36-B035-4F63-AE51-7F1890D6EBAA}.Debug|iPhoneSimulator.ActiveCfg = Debug|Any CPU
		{70CE2A36-B035-4F63-AE51-7F1890D6EBAA}.Debug|iPhoneSimulator.Build.0 = Debug|Any CPU
		{70CE2A36-B035-4F63-AE51-7F1890D6EBAA}.Debug|iPhoneSimulator.Deploy.0 = Debug|Any CPU
		{70CE2A36-B035-4F63-AE51-7F1890D6EBAA}.Debug|x64.ActiveCfg = Debug|Any CPU
		{70CE2A36-B035-4F63-AE51-7F1890D6EBAA}.Debug|x64.Build.0 = Debug|Any CPU
		{70CE2A36-B035-4F63-AE51-7F1890D6EBAA}.Debug|x64.Deploy.0 = Debug|Any CPU
		{70CE2A36-B035-4F63-AE51-7F1890D6EBAA}.Debug|x86.ActiveCfg = Debug|Any CPU
		{70CE2A36-B035-4F63-AE51-7F1890D6EBAA}.Debug|x86.Build.0 = Debug|Any CPU
		{70CE2A36-B035-4F63-AE51-7F1890D6EBAA}.Debug|x86.Deploy.0 = Debug|Any CPU
		{70CE2A36-B035-4F63-AE51-7F1890D6EBAA}.Release|Any CPU.ActiveCfg = Release|Any CPU
		{70CE2A36-B035-4F63-AE51-7F1890D6EBAA}.Release|Any CPU.Build.0 = Release|Any CPU
		{70CE2A36-B035-4F63-AE51-7F1890D6EBAA}.Release|Any CPU.Deploy.0 = Release|Any CPU
		{70CE2A36-B035-4F63-AE51-7F1890D6EBAA}.Release|ARM.ActiveCfg = Release|Any CPU
		{70CE2A36-B035-4F63-AE51-7F1890D6EBAA}.Release|ARM.Build.0 = Release|Any CPU
		{70CE2A36-B035-4F63-AE51-7F1890D6EBAA}.Release|ARM.Deploy.0 = Release|Any CPU
		{70CE2A36-B035-4F63-AE51-7F1890D6EBAA}.Release|iPhone.ActiveCfg = Release|Any CPU
		{70CE2A36-B035-4F63-AE51-7F1890D6EBAA}.Release|iPhone.Build.0 = Release|Any CPU
		{70CE2A36-B035-4F63-AE51-7F1890D6EBAA}.Release|iPhone.Deploy.0 = Release|Any CPU
		{70CE2A36-B035-4F63-AE51-7F1890D6EBAA}.Release|iPhoneSimulator.ActiveCfg = Release|Any CPU
		{70CE2A36-B035-4F63-AE51-7F1890D6EBAA}.Release|iPhoneSimulator.Build.0 = Release|Any CPU
		{70CE2A36-B035-4F63-AE51-7F1890D6EBAA}.Release|iPhoneSimulator.Deploy.0 = Release|Any CPU
		{70CE2A36-B035-4F63-AE51-7F1890D6EBAA}.Release|x64.ActiveCfg = Release|Any CPU
		{70CE2A36-B035-4F63-AE51-7F1890D6EBAA}.Release|x64.Build.0 = Release|Any CPU
		{70CE2A36-B035-4F63-AE51-7F1890D6EBAA}.Release|x64.Deploy.0 = Release|Any CPU
		{70CE2A36-B035-4F63-AE51-7F1890D6EBAA}.Release|x86.ActiveCfg = Release|Any CPU
		{70CE2A36-B035-4F63-AE51-7F1890D6EBAA}.Release|x86.Build.0 = Release|Any CPU
		{70CE2A36-B035-4F63-AE51-7F1890D6EBAA}.Release|x86.Deploy.0 = Release|Any CPU
		{40C3316C-F1E9-4637-9EB7-8DF3962CF4A3}.Ad-Hoc|Any CPU.ActiveCfg = Ad-Hoc|iPhone
		{40C3316C-F1E9-4637-9EB7-8DF3962CF4A3}.Ad-Hoc|ARM.ActiveCfg = Ad-Hoc|iPhone
		{40C3316C-F1E9-4637-9EB7-8DF3962CF4A3}.Ad-Hoc|iPhone.ActiveCfg = Ad-Hoc|iPhone
		{40C3316C-F1E9-4637-9EB7-8DF3962CF4A3}.Ad-Hoc|iPhone.Build.0 = Ad-Hoc|iPhone
		{40C3316C-F1E9-4637-9EB7-8DF3962CF4A3}.Ad-Hoc|iPhoneSimulator.ActiveCfg = Ad-Hoc|iPhoneSimulator
		{40C3316C-F1E9-4637-9EB7-8DF3962CF4A3}.Ad-Hoc|iPhoneSimulator.Build.0 = Ad-Hoc|iPhoneSimulator
		{40C3316C-F1E9-4637-9EB7-8DF3962CF4A3}.Ad-Hoc|x64.ActiveCfg = Ad-Hoc|iPhone
		{40C3316C-F1E9-4637-9EB7-8DF3962CF4A3}.Ad-Hoc|x86.ActiveCfg = Ad-Hoc|iPhone
		{40C3316C-F1E9-4637-9EB7-8DF3962CF4A3}.AppStore|Any CPU.ActiveCfg = AppStore|iPhone
		{40C3316C-F1E9-4637-9EB7-8DF3962CF4A3}.AppStore|ARM.ActiveCfg = AppStore|iPhone
		{40C3316C-F1E9-4637-9EB7-8DF3962CF4A3}.AppStore|iPhone.ActiveCfg = AppStore|iPhone
		{40C3316C-F1E9-4637-9EB7-8DF3962CF4A3}.AppStore|iPhone.Build.0 = AppStore|iPhone
		{40C3316C-F1E9-4637-9EB7-8DF3962CF4A3}.AppStore|iPhoneSimulator.ActiveCfg = AppStore|iPhoneSimulator
		{40C3316C-F1E9-4637-9EB7-8DF3962CF4A3}.AppStore|iPhoneSimulator.Build.0 = AppStore|iPhoneSimulator
		{40C3316C-F1E9-4637-9EB7-8DF3962CF4A3}.AppStore|x64.ActiveCfg = AppStore|iPhone
		{40C3316C-F1E9-4637-9EB7-8DF3962CF4A3}.AppStore|x86.ActiveCfg = AppStore|iPhone
		{40C3316C-F1E9-4637-9EB7-8DF3962CF4A3}.Debug|Any CPU.ActiveCfg = Debug|iPhone
		{40C3316C-F1E9-4637-9EB7-8DF3962CF4A3}.Debug|ARM.ActiveCfg = Debug|iPhone
		{40C3316C-F1E9-4637-9EB7-8DF3962CF4A3}.Debug|iPhone.ActiveCfg = Debug|iPhone
		{40C3316C-F1E9-4637-9EB7-8DF3962CF4A3}.Debug|iPhone.Build.0 = Debug|iPhone
		{40C3316C-F1E9-4637-9EB7-8DF3962CF4A3}.Debug|iPhoneSimulator.ActiveCfg = Debug|iPhoneSimulator
		{40C3316C-F1E9-4637-9EB7-8DF3962CF4A3}.Debug|iPhoneSimulator.Build.0 = Debug|iPhoneSimulator
		{40C3316C-F1E9-4637-9EB7-8DF3962CF4A3}.Debug|x64.ActiveCfg = Debug|iPhone
		{40C3316C-F1E9-4637-9EB7-8DF3962CF4A3}.Debug|x86.ActiveCfg = Debug|iPhone
		{40C3316C-F1E9-4637-9EB7-8DF3962CF4A3}.Release|Any CPU.ActiveCfg = Release|iPhone
		{40C3316C-F1E9-4637-9EB7-8DF3962CF4A3}.Release|ARM.ActiveCfg = Release|iPhone
		{40C3316C-F1E9-4637-9EB7-8DF3962CF4A3}.Release|iPhone.ActiveCfg = Release|iPhone
		{40C3316C-F1E9-4637-9EB7-8DF3962CF4A3}.Release|iPhone.Build.0 = Release|iPhone
		{40C3316C-F1E9-4637-9EB7-8DF3962CF4A3}.Release|iPhoneSimulator.ActiveCfg = Release|iPhoneSimulator
		{40C3316C-F1E9-4637-9EB7-8DF3962CF4A3}.Release|iPhoneSimulator.Build.0 = Release|iPhoneSimulator
		{40C3316C-F1E9-4637-9EB7-8DF3962CF4A3}.Release|x64.ActiveCfg = Release|iPhone
		{40C3316C-F1E9-4637-9EB7-8DF3962CF4A3}.Release|x86.ActiveCfg = Release|iPhone
		{29148A0E-619B-4B32-B854-351E1EAD096F}.Ad-Hoc|Any CPU.ActiveCfg = Release|x86
		{29148A0E-619B-4B32-B854-351E1EAD096F}.Ad-Hoc|Any CPU.Build.0 = Release|x86
		{29148A0E-619B-4B32-B854-351E1EAD096F}.Ad-Hoc|Any CPU.Deploy.0 = Release|x86
		{29148A0E-619B-4B32-B854-351E1EAD096F}.Ad-Hoc|ARM.ActiveCfg = Release|ARM
		{29148A0E-619B-4B32-B854-351E1EAD096F}.Ad-Hoc|ARM.Build.0 = Release|ARM
		{29148A0E-619B-4B32-B854-351E1EAD096F}.Ad-Hoc|ARM.Deploy.0 = Release|ARM
		{29148A0E-619B-4B32-B854-351E1EAD096F}.Ad-Hoc|iPhone.ActiveCfg = Release|x86
		{29148A0E-619B-4B32-B854-351E1EAD096F}.Ad-Hoc|iPhone.Build.0 = Release|x86
		{29148A0E-619B-4B32-B854-351E1EAD096F}.Ad-Hoc|iPhone.Deploy.0 = Release|x86
		{29148A0E-619B-4B32-B854-351E1EAD096F}.Ad-Hoc|iPhoneSimulator.ActiveCfg = Release|x86
		{29148A0E-619B-4B32-B854-351E1EAD096F}.Ad-Hoc|iPhoneSimulator.Build.0 = Release|x86
		{29148A0E-619B-4B32-B854-351E1EAD096F}.Ad-Hoc|iPhoneSimulator.Deploy.0 = Release|x86
		{29148A0E-619B-4B32-B854-351E1EAD096F}.Ad-Hoc|x64.ActiveCfg = Release|x64
		{29148A0E-619B-4B32-B854-351E1EAD096F}.Ad-Hoc|x64.Build.0 = Release|x64
		{29148A0E-619B-4B32-B854-351E1EAD096F}.Ad-Hoc|x64.Deploy.0 = Release|x64
		{29148A0E-619B-4B32-B854-351E1EAD096F}.Ad-Hoc|x86.ActiveCfg = Release|x86
		{29148A0E-619B-4B32-B854-351E1EAD096F}.Ad-Hoc|x86.Build.0 = Release|x86
		{29148A0E-619B-4B32-B854-351E1EAD096F}.Ad-Hoc|x86.Deploy.0 = Release|x86
		{29148A0E-619B-4B32-B854-351E1EAD096F}.AppStore|Any CPU.ActiveCfg = Release|x86
		{29148A0E-619B-4B32-B854-351E1EAD096F}.AppStore|Any CPU.Build.0 = Release|x86
		{29148A0E-619B-4B32-B854-351E1EAD096F}.AppStore|Any CPU.Deploy.0 = Release|x86
		{29148A0E-619B-4B32-B854-351E1EAD096F}.AppStore|ARM.ActiveCfg = Release|ARM
		{29148A0E-619B-4B32-B854-351E1EAD096F}.AppStore|ARM.Build.0 = Release|ARM
		{29148A0E-619B-4B32-B854-351E1EAD096F}.AppStore|ARM.Deploy.0 = Release|ARM
		{29148A0E-619B-4B32-B854-351E1EAD096F}.AppStore|iPhone.ActiveCfg = Release|x86
		{29148A0E-619B-4B32-B854-351E1EAD096F}.AppStore|iPhone.Build.0 = Release|x86
		{29148A0E-619B-4B32-B854-351E1EAD096F}.AppStore|iPhone.Deploy.0 = Release|x86
		{29148A0E-619B-4B32-B854-351E1EAD096F}.AppStore|iPhoneSimulator.ActiveCfg = Release|x86
		{29148A0E-619B-4B32-B854-351E1EAD096F}.AppStore|iPhoneSimulator.Build.0 = Release|x86
		{29148A0E-619B-4B32-B854-351E1EAD096F}.AppStore|iPhoneSimulator.Deploy.0 = Release|x86
		{29148A0E-619B-4B32-B854-351E1EAD096F}.AppStore|x64.ActiveCfg = Release|x64
		{29148A0E-619B-4B32-B854-351E1EAD096F}.AppStore|x64.Build.0 = Release|x64
		{29148A0E-619B-4B32-B854-351E1EAD096F}.AppStore|x64.Deploy.0 = Release|x64
		{29148A0E-619B-4B32-B854-351E1EAD096F}.AppStore|x86.ActiveCfg = Release|x86
		{29148A0E-619B-4B32-B854-351E1EAD096F}.AppStore|x86.Build.0 = Release|x86
		{29148A0E-619B-4B32-B854-351E1EAD096F}.AppStore|x86.Deploy.0 = Release|x86
		{29148A0E-619B-4B32-B854-351E1EAD096F}.Debug|Any CPU.ActiveCfg = Debug|x86
		{29148A0E-619B-4B32-B854-351E1EAD096F}.Debug|ARM.ActiveCfg = Debug|ARM
		{29148A0E-619B-4B32-B854-351E1EAD096F}.Debug|ARM.Build.0 = Debug|ARM
		{29148A0E-619B-4B32-B854-351E1EAD096F}.Debug|ARM.Deploy.0 = Debug|ARM
		{29148A0E-619B-4B32-B854-351E1EAD096F}.Debug|iPhone.ActiveCfg = Debug|x86
		{29148A0E-619B-4B32-B854-351E1EAD096F}.Debug|iPhoneSimulator.ActiveCfg = Debug|x86
		{29148A0E-619B-4B32-B854-351E1EAD096F}.Debug|x64.ActiveCfg = Debug|x64
		{29148A0E-619B-4B32-B854-351E1EAD096F}.Debug|x64.Build.0 = Debug|x64
		{29148A0E-619B-4B32-B854-351E1EAD096F}.Debug|x64.Deploy.0 = Debug|x64
		{29148A0E-619B-4B32-B854-351E1EAD096F}.Debug|x86.ActiveCfg = Debug|x86
		{29148A0E-619B-4B32-B854-351E1EAD096F}.Debug|x86.Build.0 = Debug|x86
		{29148A0E-619B-4B32-B854-351E1EAD096F}.Debug|x86.Deploy.0 = Debug|x86
		{29148A0E-619B-4B32-B854-351E1EAD096F}.Release|Any CPU.ActiveCfg = Release|x86
		{29148A0E-619B-4B32-B854-351E1EAD096F}.Release|ARM.ActiveCfg = Release|ARM
		{29148A0E-619B-4B32-B854-351E1EAD096F}.Release|ARM.Build.0 = Release|ARM
		{29148A0E-619B-4B32-B854-351E1EAD096F}.Release|ARM.Deploy.0 = Release|ARM
		{29148A0E-619B-4B32-B854-351E1EAD096F}.Release|iPhone.ActiveCfg = Release|x86
		{29148A0E-619B-4B32-B854-351E1EAD096F}.Release|iPhoneSimulator.ActiveCfg = Release|x86
		{29148A0E-619B-4B32-B854-351E1EAD096F}.Release|x64.ActiveCfg = Release|x64
		{29148A0E-619B-4B32-B854-351E1EAD096F}.Release|x64.Build.0 = Release|x64
		{29148A0E-619B-4B32-B854-351E1EAD096F}.Release|x64.Deploy.0 = Release|x64
		{29148A0E-619B-4B32-B854-351E1EAD096F}.Release|x86.ActiveCfg = Release|x86
		{29148A0E-619B-4B32-B854-351E1EAD096F}.Release|x86.Build.0 = Release|x86
		{29148A0E-619B-4B32-B854-351E1EAD096F}.Release|x86.Deploy.0 = Release|x86
	EndGlobalSection
	GlobalSection(SolutionProperties) = preSolution
		HideSolutionNode = FALSE
	EndGlobalSection
EndGlobal
